PODS:
  - rustlib (0.1.0)

DEPENDENCIES:
  - rustlib (from `../rustlib/_gen/mac_artifact`)

EXTERNAL SOURCES:
  rustlib:
    :path: "../rustlib/_gen/mac_artifact"

SPEC CHECKSUMS:
  rustlib: be18a18f81a2a04b0e0bf652c3b08ada68b8e2f6

PODFILE CHECKSUM: d30f17967e3d6867193c6017215d149772755f36

COCOAPODS: 1.11.2
