PODS:
  - rustlib (0.1.0)

DEPENDENCIES:
  - rustlib (from `../rustlib/_gen/mac_artifact`)

EXTERNAL SOURCES:
  rustlib:
    :path: "../rustlib/_gen/mac_artifact"

SPEC CHECKSUMS:
  rustlib: be18a18f81a2a04b0e0bf652c3b08ada68b8e2f6

PODFILE CHECKSUM: cc29c3e48dd8a2eecab9aa8d4022b3fec9980fbb

COCOAPODS: 1.11.2
